
Microsoft Visual Studio Solution File, Format Version 12.00
# Visual Studio Version 16
VisualStudioVersion = 16.0.30611.23
MinimumVisualStudioVersion = 10.0.40219.1
Project("{888888A0-9F3D-457C-B088-3A5042F75D52}") = "LabWork1", "LabWork1\LabWork1.pyproj", "{FB7A2757-0F32-4EB0-B053-1E15719F7F11}"
EndProject
Global
	GlobalSection(SolutionConfigurationPlatforms) = preSolution
		Debug|Any CPU = Debug|Any CPU
		Release|Any CPU = Release|Any CPU
	EndGlobalSection
	GlobalSection(ProjectConfigurationPlatforms) = postSolution
		{FB7A2757-0F32-4EB0-B053-1E15719F7F11}.Debug|Any CPU.ActiveCfg = Debug|Any CPU
		{FB7A2757-0F32-4EB0-B053-1E15719F7F11}.Release|Any CPU.ActiveCfg = Release|Any CPU
	EndGlobalSection
	GlobalSection(SolutionProperties) = preSolution
		HideSolutionNode = FALSE
	EndGlobalSection
	GlobalSection(ExtensibilityGlobals) = postSolution
		SolutionGuid = {28079E5B-CBD1-4488-92B2-2114BCD73D66}
	EndGlobalSection
EndGlobal
