
Microsoft Visual Studio Solution File, Format Version 12.00
# Visual Studio Version 16
VisualStudioVersion = 16.0.30611.23
MinimumVisualStudioVersion = 10.0.40219.1
Project("{888888A0-9F3D-457C-B088-3A5042F75D52}") = "LabWork_5", "LabWork_5\LabWork_5.pyproj", "{5C14EFF4-A3B6-4DAB-A140-87FACAF18918}"
EndProject
Global
	GlobalSection(SolutionConfigurationPlatforms) = preSolution
		Debug|Any CPU = Debug|Any CPU
		Release|Any CPU = Release|Any CPU
	EndGlobalSection
	GlobalSection(ProjectConfigurationPlatforms) = postSolution
		{5C14EFF4-A3B6-4DAB-A140-87FACAF18918}.Debug|Any CPU.ActiveCfg = Debug|Any CPU
		{5C14EFF4-A3B6-4DAB-A140-87FACAF18918}.Release|Any CPU.ActiveCfg = Release|Any CPU
	EndGlobalSection
	GlobalSection(SolutionProperties) = preSolution
		HideSolutionNode = FALSE
	EndGlobalSection
	GlobalSection(ExtensibilityGlobals) = postSolution
		SolutionGuid = {84B279A2-FF91-4451-8253-985E2DDA530E}
	EndGlobalSection
EndGlobal
